
Microsoft Visual Studio Solution File, Format Version 12.00
# Visual Studio 15
VisualStudioVersion = 15.0.28010.2019
MinimumVisualStudioVersion = 10.0.40219.1
Project("{8BC9CEB8-8B4A-11D0-8D11-00A0C91BC942}") = "magery", "magery\magery.vcxproj", "{AEE04CFF-2947-4E09-BCEF-E5F10BEB1891}"
EndProject
Project("{8BC9CEB8-8B4A-11D0-8D11-00A0C91BC942}") = "components", "components\components.vcxproj", "{83FEFB83-D9E9-476F-9040-BC95A6169434}"
EndProject
Project("{8BC9CEB8-8B4A-11D0-8D11-00A0C91BC942}") = "test_client", "test_client\test_client.vcxproj", "{5CB75A91-AF95-42CB-8163-6CFCA6CA1BEF}"
EndProject
Project("{8BC9CEB8-8B4A-11D0-8D11-00A0C91BC942}") = "Actor", "Actor\Actor.vcxproj", "{F46D807C-B531-4825-BBBA-D5B551EAE7D1}"
EndProject
Global
	GlobalSection(SolutionConfigurationPlatforms) = preSolution
		Debug|x64 = Debug|x64
		Debug|x86 = Debug|x86
		Release|x64 = Release|x64
		Release|x86 = Release|x86
	EndGlobalSection
	GlobalSection(ProjectConfigurationPlatforms) = postSolution
		{AEE04CFF-2947-4E09-BCEF-E5F10BEB1891}.Debug|x64.ActiveCfg = Debug|x64
		{AEE04CFF-2947-4E09-BCEF-E5F10BEB1891}.Debug|x64.Build.0 = Debug|x64
		{AEE04CFF-2947-4E09-BCEF-E5F10BEB1891}.Debug|x86.ActiveCfg = Debug|Win32
		{AEE04CFF-2947-4E09-BCEF-E5F10BEB1891}.Debug|x86.Build.0 = Debug|Win32
		{AEE04CFF-2947-4E09-BCEF-E5F10BEB1891}.Release|x64.ActiveCfg = Release|x64
		{AEE04CFF-2947-4E09-BCEF-E5F10BEB1891}.Release|x64.Build.0 = Release|x64
		{AEE04CFF-2947-4E09-BCEF-E5F10BEB1891}.Release|x86.ActiveCfg = Release|Win32
		{AEE04CFF-2947-4E09-BCEF-E5F10BEB1891}.Release|x86.Build.0 = Release|Win32
		{83FEFB83-D9E9-476F-9040-BC95A6169434}.Debug|x64.ActiveCfg = Debug|x64
		{83FEFB83-D9E9-476F-9040-BC95A6169434}.Debug|x64.Build.0 = Debug|x64
		{83FEFB83-D9E9-476F-9040-BC95A6169434}.Debug|x86.ActiveCfg = Debug|Win32
		{83FEFB83-D9E9-476F-9040-BC95A6169434}.Debug|x86.Build.0 = Debug|Win32
		{83FEFB83-D9E9-476F-9040-BC95A6169434}.Release|x64.ActiveCfg = Release|x64
		{83FEFB83-D9E9-476F-9040-BC95A6169434}.Release|x64.Build.0 = Release|x64
		{83FEFB83-D9E9-476F-9040-BC95A6169434}.Release|x86.ActiveCfg = Release|Win32
		{83FEFB83-D9E9-476F-9040-BC95A6169434}.Release|x86.Build.0 = Release|Win32
		{5CB75A91-AF95-42CB-8163-6CFCA6CA1BEF}.Debug|x64.ActiveCfg = Debug|x64
		{5CB75A91-AF95-42CB-8163-6CFCA6CA1BEF}.Debug|x64.Build.0 = Debug|x64
		{5CB75A91-AF95-42CB-8163-6CFCA6CA1BEF}.Debug|x86.ActiveCfg = Debug|Win32
		{5CB75A91-AF95-42CB-8163-6CFCA6CA1BEF}.Debug|x86.Build.0 = Debug|Win32
		{5CB75A91-AF95-42CB-8163-6CFCA6CA1BEF}.Release|x64.ActiveCfg = Release|x64
		{5CB75A91-AF95-42CB-8163-6CFCA6CA1BEF}.Release|x64.Build.0 = Release|x64
		{5CB75A91-AF95-42CB-8163-6CFCA6CA1BEF}.Release|x86.ActiveCfg = Release|Win32
		{5CB75A91-AF95-42CB-8163-6CFCA6CA1BEF}.Release|x86.Build.0 = Release|Win32
		{F46D807C-B531-4825-BBBA-D5B551EAE7D1}.Debug|x64.ActiveCfg = Debug|x64
		{F46D807C-B531-4825-BBBA-D5B551EAE7D1}.Debug|x64.Build.0 = Debug|x64
		{F46D807C-B531-4825-BBBA-D5B551EAE7D1}.Debug|x86.ActiveCfg = Debug|Win32
		{F46D807C-B531-4825-BBBA-D5B551EAE7D1}.Debug|x86.Build.0 = Debug|Win32
		{F46D807C-B531-4825-BBBA-D5B551EAE7D1}.Release|x64.ActiveCfg = Release|x64
		{F46D807C-B531-4825-BBBA-D5B551EAE7D1}.Release|x64.Build.0 = Release|x64
		{F46D807C-B531-4825-BBBA-D5B551EAE7D1}.Release|x86.ActiveCfg = Release|Win32
		{F46D807C-B531-4825-BBBA-D5B551EAE7D1}.Release|x86.Build.0 = Release|Win32
	EndGlobalSection
	GlobalSection(SolutionProperties) = preSolution
		HideSolutionNode = FALSE
	EndGlobalSection
	GlobalSection(ExtensibilityGlobals) = postSolution
		SolutionGuid = {63DB52C9-3D73-4E1E-8769-4964F82611D8}
	EndGlobalSection
EndGlobal
